{
  "name": "elm-protoc-types",
  "version": "1.0.0",
  "lockfileVersion": 2,
  "requires": true,
  "packages": {
    "": {
      "name": "elm-protoc-types",
      "version": "1.0.0",
      "license": "BSD-3-Clause",
      "devDependencies": {
        "protoc-gen-elm": "^3.0.1"
      }
    },
    "node_modules/protoc-gen-elm": {
      "version": "3.0.1",
      "resolved": "https://registry.npmjs.org/protoc-gen-elm/-/protoc-gen-elm-3.0.1.tgz",
      "integrity": "sha512-IHUXQCQdATTL83byRm8RLaQiFBC0olK9lO5NkT6UnUjT+4t4ytO1zWLlQyrh8l6vKi28PimCasBZVkrmBUQZtw==",
      "dev": true,
      "bin": {
        "protoc-gen-elm": "index.js"
      }
    }
  },
  "dependencies": {
    "protoc-gen-elm": {
      "version": "3.0.1",
      "resolved": "https://registry.npmjs.org/protoc-gen-elm/-/protoc-gen-elm-3.0.1.tgz",
      "integrity": "sha512-IHUXQCQdATTL83byRm8RLaQiFBC0olK9lO5NkT6UnUjT+4t4ytO1zWLlQyrh8l6vKi28PimCasBZVkrmBUQZtw==",
      "dev": true
    }
  }
}
