{
  "name": "elm-protoc-types",
  "version": "1.0.0",
  "lockfileVersion": 2,
  "requires": true,
  "packages": {
    "": {
      "name": "elm-protoc-types",
      "version": "1.0.0",
      "license": "BSD-3-Clause",
      "devDependencies": {
        "protoc-gen-elm": "3.1.0-beta.1"
      }
    },
    "node_modules/protoc-gen-elm": {
      "version": "3.1.0-beta.1",
      "resolved": "https://registry.npmjs.org/protoc-gen-elm/-/protoc-gen-elm-3.1.0-beta.1.tgz",
      "integrity": "sha512-PTtsAO9F4kRs80QY0lmdKRybOwwi8Vo9bR0xDCWVD1CwTTmQ2pvBhddEhIJ80u3J0lA7HDKEOLpFXLiWUvrfIQ==",
      "dev": true,
      "bin": {
        "protoc-gen-elm": "index.js"
      }
    }
  },
  "dependencies": {
    "protoc-gen-elm": {
      "version": "3.1.0-beta.1",
      "resolved": "https://registry.npmjs.org/protoc-gen-elm/-/protoc-gen-elm-3.1.0-beta.1.tgz",
      "integrity": "sha512-PTtsAO9F4kRs80QY0lmdKRybOwwi8Vo9bR0xDCWVD1CwTTmQ2pvBhddEhIJ80u3J0lA7HDKEOLpFXLiWUvrfIQ==",
      "dev": true
    }
  }
}
